
Microsoft Visual Studio Solution File, Format Version 12.00
# Visual Studio 15
VisualStudioVersion = 15.0.28307.779
MinimumVisualStudioVersion = 10.0.40219.1
Project("{FAE04EC0-301F-11D3-BF4B-00C04F79EFBC}") = "xPlatAuction.Android", "xPlatAuction\xPlatAuction.Android\xPlatAuction.Android.csproj", "{71C51B18-F979-4F6E-9D31-64D61C3ADE36}"
EndProject
Project("{FAE04EC0-301F-11D3-BF4B-00C04F79EFBC}") = "xPlatAuction.iOS", "xPlatAuction\xPlatAuction.iOS\xPlatAuction.iOS.csproj", "{3EECC4BB-4355-41F6-A918-AA9BBAA181BE}"
EndProject
Project("{9A19103F-16F7-4668-BE54-9A1E7A4F7556}") = "xPlatAuction", "xPlatAuction\xPlatAuction\xPlatAuction.csproj", "{65199D8B-82AA-4A26-A8BE-A18BECCD4445}"
EndProject
Project("{FAE04EC0-301F-11D3-BF4B-00C04F79EFBC}") = "xPlatAuction.Backend", "xPlatAuction.Backend\xPlatAuction.Backend.csproj", "{FC424CBF-014C-4455-98A7-ED8FA529E842}"
EndProject
Global
	GlobalSection(SolutionConfigurationPlatforms) = preSolution
		Ad-Hoc|Any CPU = Ad-Hoc|Any CPU
		Ad-Hoc|iPhone = Ad-Hoc|iPhone
		Ad-Hoc|iPhoneSimulator = Ad-Hoc|iPhoneSimulator
		AppStore|Any CPU = AppStore|Any CPU
		AppStore|iPhone = AppStore|iPhone
		AppStore|iPhoneSimulator = AppStore|iPhoneSimulator
		Debug|Any CPU = Debug|Any CPU
		Debug|iPhone = Debug|iPhone
		Debug|iPhoneSimulator = Debug|iPhoneSimulator
		Release|Any CPU = Release|Any CPU
		Release|iPhone = Release|iPhone
		Release|iPhoneSimulator = Release|iPhoneSimulator
	EndGlobalSection
	GlobalSection(ProjectConfigurationPlatforms) = postSolution
		{71C51B18-F979-4F6E-9D31-64D61C3ADE36}.Ad-Hoc|Any CPU.ActiveCfg = Release|Any CPU
		{71C51B18-F979-4F6E-9D31-64D61C3ADE36}.Ad-Hoc|Any CPU.Build.0 = Release|Any CPU
		{71C51B18-F979-4F6E-9D31-64D61C3ADE36}.Ad-Hoc|Any CPU.Deploy.0 = Release|Any CPU
		{71C51B18-F979-4F6E-9D31-64D61C3ADE36}.Ad-Hoc|iPhone.ActiveCfg = Release|Any CPU
		{71C51B18-F979-4F6E-9D31-64D61C3ADE36}.Ad-Hoc|iPhone.Build.0 = Release|Any CPU
		{71C51B18-F979-4F6E-9D31-64D61C3ADE36}.Ad-Hoc|iPhone.Deploy.0 = Release|Any CPU
		{71C51B18-F979-4F6E-9D31-64D61C3ADE36}.Ad-Hoc|iPhoneSimulator.ActiveCfg = Release|Any CPU
		{71C51B18-F979-4F6E-9D31-64D61C3ADE36}.Ad-Hoc|iPhoneSimulator.Build.0 = Release|Any CPU
		{71C51B18-F979-4F6E-9D31-64D61C3ADE36}.Ad-Hoc|iPhoneSimulator.Deploy.0 = Release|Any CPU
		{71C51B18-F979-4F6E-9D31-64D61C3ADE36}.AppStore|Any CPU.ActiveCfg = Release|Any CPU
		{71C51B18-F979-4F6E-9D31-64D61C3ADE36}.AppStore|Any CPU.Build.0 = Release|Any CPU
		{71C51B18-F979-4F6E-9D31-64D61C3ADE36}.AppStore|Any CPU.Deploy.0 = Release|Any CPU
		{71C51B18-F979-4F6E-9D31-64D61C3ADE36}.AppStore|iPhone.ActiveCfg = Release|Any CPU
		{71C51B18-F979-4F6E-9D31-64D61C3ADE36}.AppStore|iPhone.Build.0 = Release|Any CPU
		{71C51B18-F979-4F6E-9D31-64D61C3ADE36}.AppStore|iPhone.Deploy.0 = Release|Any CPU
		{71C51B18-F979-4F6E-9D31-64D61C3ADE36}.AppStore|iPhoneSimulator.ActiveCfg = Release|Any CPU
		{71C51B18-F979-4F6E-9D31-64D61C3ADE36}.AppStore|iPhoneSimulator.Build.0 = Release|Any CPU
		{71C51B18-F979-4F6E-9D31-64D61C3ADE36}.AppStore|iPhoneSimulator.Deploy.0 = Release|Any CPU
		{71C51B18-F979-4F6E-9D31-64D61C3ADE36}.Debug|Any CPU.ActiveCfg = Debug|Any CPU
		{71C51B18-F979-4F6E-9D31-64D61C3ADE36}.Debug|Any CPU.Build.0 = Debug|Any CPU
		{71C51B18-F979-4F6E-9D31-64D61C3ADE36}.Debug|Any CPU.Deploy.0 = Debug|Any CPU
		{71C51B18-F979-4F6E-9D31-64D61C3ADE36}.Debug|iPhone.ActiveCfg = Debug|Any CPU
		{71C51B18-F979-4F6E-9D31-64D61C3ADE36}.Debug|iPhone.Build.0 = Debug|Any CPU
		{71C51B18-F979-4F6E-9D31-64D61C3ADE36}.Debug|iPhone.Deploy.0 = Debug|Any CPU
		{71C51B18-F979-4F6E-9D31-64D61C3ADE36}.Debug|iPhoneSimulator.ActiveCfg = Debug|Any CPU
		{71C51B18-F979-4F6E-9D31-64D61C3ADE36}.Debug|iPhoneSimulator.Build.0 = Debug|Any CPU
		{71C51B18-F979-4F6E-9D31-64D61C3ADE36}.Debug|iPhoneSimulator.Deploy.0 = Debug|Any CPU
		{71C51B18-F979-4F6E-9D31-64D61C3ADE36}.Release|Any CPU.ActiveCfg = Release|Any CPU
		{71C51B18-F979-4F6E-9D31-64D61C3ADE36}.Release|Any CPU.Build.0 = Release|Any CPU
		{71C51B18-F979-4F6E-9D31-64D61C3ADE36}.Release|Any CPU.Deploy.0 = Release|Any CPU
		{71C51B18-F979-4F6E-9D31-64D61C3ADE36}.Release|iPhone.ActiveCfg = Release|Any CPU
		{71C51B18-F979-4F6E-9D31-64D61C3ADE36}.Release|iPhone.Build.0 = Release|Any CPU
		{71C51B18-F979-4F6E-9D31-64D61C3ADE36}.Release|iPhone.Deploy.0 = Release|Any CPU
		{71C51B18-F979-4F6E-9D31-64D61C3ADE36}.Release|iPhoneSimulator.ActiveCfg = Release|Any CPU
		{71C51B18-F979-4F6E-9D31-64D61C3ADE36}.Release|iPhoneSimulator.Build.0 = Release|Any CPU
		{71C51B18-F979-4F6E-9D31-64D61C3ADE36}.Release|iPhoneSimulator.Deploy.0 = Release|Any CPU
		{3EECC4BB-4355-41F6-A918-AA9BBAA181BE}.Ad-Hoc|Any CPU.ActiveCfg = Ad-Hoc|iPhone
		{3EECC4BB-4355-41F6-A918-AA9BBAA181BE}.Ad-Hoc|Any CPU.Build.0 = Ad-Hoc|iPhone
		{3EECC4BB-4355-41F6-A918-AA9BBAA181BE}.Ad-Hoc|Any CPU.Deploy.0 = Ad-Hoc|iPhone
		{3EECC4BB-4355-41F6-A918-AA9BBAA181BE}.Ad-Hoc|iPhone.ActiveCfg = Ad-Hoc|iPhone
		{3EECC4BB-4355-41F6-A918-AA9BBAA181BE}.Ad-Hoc|iPhone.Build.0 = Ad-Hoc|iPhone
		{3EECC4BB-4355-41F6-A918-AA9BBAA181BE}.Ad-Hoc|iPhone.Deploy.0 = Ad-Hoc|iPhone
		{3EECC4BB-4355-41F6-A918-AA9BBAA181BE}.Ad-Hoc|iPhoneSimulator.ActiveCfg = Ad-Hoc|iPhoneSimulator
		{3EECC4BB-4355-41F6-A918-AA9BBAA181BE}.Ad-Hoc|iPhoneSimulator.Build.0 = Ad-Hoc|iPhoneSimulator
		{3EECC4BB-4355-41F6-A918-AA9BBAA181BE}.Ad-Hoc|iPhoneSimulator.Deploy.0 = Ad-Hoc|iPhoneSimulator
		{3EECC4BB-4355-41F6-A918-AA9BBAA181BE}.AppStore|Any CPU.ActiveCfg = AppStore|iPhone
		{3EECC4BB-4355-41F6-A918-AA9BBAA181BE}.AppStore|Any CPU.Build.0 = AppStore|iPhone
		{3EECC4BB-4355-41F6-A918-AA9BBAA181BE}.AppStore|Any CPU.Deploy.0 = AppStore|iPhone
		{3EECC4BB-4355-41F6-A918-AA9BBAA181BE}.AppStore|iPhone.ActiveCfg = AppStore|iPhone
		{3EECC4BB-4355-41F6-A918-AA9BBAA181BE}.AppStore|iPhone.Build.0 = AppStore|iPhone
		{3EECC4BB-4355-41F6-A918-AA9BBAA181BE}.AppStore|iPhone.Deploy.0 = AppStore|iPhone
		{3EECC4BB-4355-41F6-A918-AA9BBAA181BE}.AppStore|iPhoneSimulator.ActiveCfg = AppStore|iPhoneSimulator
		{3EECC4BB-4355-41F6-A918-AA9BBAA181BE}.AppStore|iPhoneSimulator.Build.0 = AppStore|iPhoneSimulator
		{3EECC4BB-4355-41F6-A918-AA9BBAA181BE}.AppStore|iPhoneSimulator.Deploy.0 = AppStore|iPhoneSimulator
		{3EECC4BB-4355-41F6-A918-AA9BBAA181BE}.Debug|Any CPU.ActiveCfg = Debug|iPhoneSimulator
		{3EECC4BB-4355-41F6-A918-AA9BBAA181BE}.Debug|Any CPU.Build.0 = Debug|iPhoneSimulator
		{3EECC4BB-4355-41F6-A918-AA9BBAA181BE}.Debug|Any CPU.Deploy.0 = Debug|iPhoneSimulator
		{3EECC4BB-4355-41F6-A918-AA9BBAA181BE}.Debug|iPhone.ActiveCfg = Debug|iPhone
		{3EECC4BB-4355-41F6-A918-AA9BBAA181BE}.Debug|iPhone.Build.0 = Debug|iPhone
		{3EECC4BB-4355-41F6-A918-AA9BBAA181BE}.Debug|iPhone.Deploy.0 = Debug|iPhone
		{3EECC4BB-4355-41F6-A918-AA9BBAA181BE}.Debug|iPhoneSimulator.ActiveCfg = Debug|iPhoneSimulator
		{3EECC4BB-4355-41F6-A918-AA9BBAA181BE}.Debug|iPhoneSimulator.Build.0 = Debug|iPhoneSimulator
		{3EECC4BB-4355-41F6-A918-AA9BBAA181BE}.Debug|iPhoneSimulator.Deploy.0 = Debug|iPhoneSimulator
		{3EECC4BB-4355-41F6-A918-AA9BBAA181BE}.Release|Any CPU.ActiveCfg = Release|iPhone
		{3EECC4BB-4355-41F6-A918-AA9BBAA181BE}.Release|Any CPU.Build.0 = Release|iPhone
		{3EECC4BB-4355-41F6-A918-AA9BBAA181BE}.Release|Any CPU.Deploy.0 = Release|iPhone
		{3EECC4BB-4355-41F6-A918-AA9BBAA181BE}.Release|iPhone.ActiveCfg = Release|iPhone
		{3EECC4BB-4355-41F6-A918-AA9BBAA181BE}.Release|iPhone.Build.0 = Release|iPhone
		{3EECC4BB-4355-41F6-A918-AA9BBAA181BE}.Release|iPhone.Deploy.0 = Release|iPhone
		{3EECC4BB-4355-41F6-A918-AA9BBAA181BE}.Release|iPhoneSimulator.ActiveCfg = Release|iPhoneSimulator
		{3EECC4BB-4355-41F6-A918-AA9BBAA181BE}.Release|iPhoneSimulator.Build.0 = Release|iPhoneSimulator
		{3EECC4BB-4355-41F6-A918-AA9BBAA181BE}.Release|iPhoneSimulator.Deploy.0 = Release|iPhoneSimulator
		{65199D8B-82AA-4A26-A8BE-A18BECCD4445}.Ad-Hoc|Any CPU.ActiveCfg = Debug|Any CPU
		{65199D8B-82AA-4A26-A8BE-A18BECCD4445}.Ad-Hoc|Any CPU.Build.0 = Debug|Any CPU
		{65199D8B-82AA-4A26-A8BE-A18BECCD4445}.Ad-Hoc|Any CPU.Deploy.0 = Debug|Any CPU
		{65199D8B-82AA-4A26-A8BE-A18BECCD4445}.Ad-Hoc|iPhone.ActiveCfg = Debug|Any CPU
		{65199D8B-82AA-4A26-A8BE-A18BECCD4445}.Ad-Hoc|iPhone.Build.0 = Debug|Any CPU
		{65199D8B-82AA-4A26-A8BE-A18BECCD4445}.Ad-Hoc|iPhone.Deploy.0 = Debug|Any CPU
		{65199D8B-82AA-4A26-A8BE-A18BECCD4445}.Ad-Hoc|iPhoneSimulator.ActiveCfg = Debug|Any CPU
		{65199D8B-82AA-4A26-A8BE-A18BECCD4445}.Ad-Hoc|iPhoneSimulator.Build.0 = Debug|Any CPU
		{65199D8B-82AA-4A26-A8BE-A18BECCD4445}.Ad-Hoc|iPhoneSimulator.Deploy.0 = Debug|Any CPU
		{65199D8B-82AA-4A26-A8BE-A18BECCD4445}.AppStore|Any CPU.ActiveCfg = Debug|Any CPU
		{65199D8B-82AA-4A26-A8BE-A18BECCD4445}.AppStore|Any CPU.Build.0 = Debug|Any CPU
		{65199D8B-82AA-4A26-A8BE-A18BECCD4445}.AppStore|Any CPU.Deploy.0 = Debug|Any CPU
		{65199D8B-82AA-4A26-A8BE-A18BECCD4445}.AppStore|iPhone.ActiveCfg = Debug|Any CPU
		{65199D8B-82AA-4A26-A8BE-A18BECCD4445}.AppStore|iPhone.Build.0 = Debug|Any CPU
		{65199D8B-82AA-4A26-A8BE-A18BECCD4445}.AppStore|iPhone.Deploy.0 = Debug|Any CPU
		{65199D8B-82AA-4A26-A8BE-A18BECCD4445}.AppStore|iPhoneSimulator.ActiveCfg = Debug|Any CPU
		{65199D8B-82AA-4A26-A8BE-A18BECCD4445}.AppStore|iPhoneSimulator.Build.0 = Debug|Any CPU
		{65199D8B-82AA-4A26-A8BE-A18BECCD4445}.AppStore|iPhoneSimulator.Deploy.0 = Debug|Any CPU
		{65199D8B-82AA-4A26-A8BE-A18BECCD4445}.Debug|Any CPU.ActiveCfg = Debug|Any CPU
		{65199D8B-82AA-4A26-A8BE-A18BECCD4445}.Debug|Any CPU.Build.0 = Debug|Any CPU
		{65199D8B-82AA-4A26-A8BE-A18BECCD4445}.Debug|Any CPU.Deploy.0 = Debug|Any CPU
		{65199D8B-82AA-4A26-A8BE-A18BECCD4445}.Debug|iPhone.ActiveCfg = Debug|Any CPU
		{65199D8B-82AA-4A26-A8BE-A18BECCD4445}.Debug|iPhone.Build.0 = Debug|Any CPU
		{65199D8B-82AA-4A26-A8BE-A18BECCD4445}.Debug|iPhone.Deploy.0 = Debug|Any CPU
		{65199D8B-82AA-4A26-A8BE-A18BECCD4445}.Debug|iPhoneSimulator.ActiveCfg = Debug|Any CPU
		{65199D8B-82AA-4A26-A8BE-A18BECCD4445}.Debug|iPhoneSimulator.Build.0 = Debug|Any CPU
		{65199D8B-82AA-4A26-A8BE-A18BECCD4445}.Debug|iPhoneSimulator.Deploy.0 = Debug|Any CPU
		{65199D8B-82AA-4A26-A8BE-A18BECCD4445}.Release|Any CPU.ActiveCfg = Release|Any CPU
		{65199D8B-82AA-4A26-A8BE-A18BECCD4445}.Release|Any CPU.Build.0 = Release|Any CPU
		{65199D8B-82AA-4A26-A8BE-A18BECCD4445}.Release|Any CPU.Deploy.0 = Release|Any CPU
		{65199D8B-82AA-4A26-A8BE-A18BECCD4445}.Release|iPhone.ActiveCfg = Release|Any CPU
		{65199D8B-82AA-4A26-A8BE-A18BECCD4445}.Release|iPhone.Build.0 = Release|Any CPU
		{65199D8B-82AA-4A26-A8BE-A18BECCD4445}.Release|iPhone.Deploy.0 = Release|Any CPU
		{65199D8B-82AA-4A26-A8BE-A18BECCD4445}.Release|iPhoneSimulator.ActiveCfg = Release|Any CPU
		{65199D8B-82AA-4A26-A8BE-A18BECCD4445}.Release|iPhoneSimulator.Build.0 = Release|Any CPU
		{65199D8B-82AA-4A26-A8BE-A18BECCD4445}.Release|iPhoneSimulator.Deploy.0 = Release|Any CPU
		{FC424CBF-014C-4455-98A7-ED8FA529E842}.Ad-Hoc|Any CPU.ActiveCfg = Release|Any CPU
		{FC424CBF-014C-4455-98A7-ED8FA529E842}.Ad-Hoc|Any CPU.Build.0 = Release|Any CPU
		{FC424CBF-014C-4455-98A7-ED8FA529E842}.Ad-Hoc|iPhone.ActiveCfg = Release|Any CPU
		{FC424CBF-014C-4455-98A7-ED8FA529E842}.Ad-Hoc|iPhone.Build.0 = Release|Any CPU
		{FC424CBF-014C-4455-98A7-ED8FA529E842}.Ad-Hoc|iPhoneSimulator.ActiveCfg = Release|Any CPU
		{FC424CBF-014C-4455-98A7-ED8FA529E842}.Ad-Hoc|iPhoneSimulator.Build.0 = Release|Any CPU
		{FC424CBF-014C-4455-98A7-ED8FA529E842}.AppStore|Any CPU.ActiveCfg = Release|Any CPU
		{FC424CBF-014C-4455-98A7-ED8FA529E842}.AppStore|Any CPU.Build.0 = Release|Any CPU
		{FC424CBF-014C-4455-98A7-ED8FA529E842}.AppStore|iPhone.ActiveCfg = Release|Any CPU
		{FC424CBF-014C-4455-98A7-ED8FA529E842}.AppStore|iPhone.Build.0 = Release|Any CPU
		{FC424CBF-014C-4455-98A7-ED8FA529E842}.AppStore|iPhoneSimulator.ActiveCfg = Release|Any CPU
		{FC424CBF-014C-4455-98A7-ED8FA529E842}.AppStore|iPhoneSimulator.Build.0 = Release|Any CPU
		{FC424CBF-014C-4455-98A7-ED8FA529E842}.Debug|Any CPU.ActiveCfg = Debug|Any CPU
		{FC424CBF-014C-4455-98A7-ED8FA529E842}.Debug|Any CPU.Build.0 = Debug|Any CPU
		{FC424CBF-014C-4455-98A7-ED8FA529E842}.Debug|iPhone.ActiveCfg = Debug|Any CPU
		{FC424CBF-014C-4455-98A7-ED8FA529E842}.Debug|iPhone.Build.0 = Debug|Any CPU
		{FC424CBF-014C-4455-98A7-ED8FA529E842}.Debug|iPhoneSimulator.ActiveCfg = Debug|Any CPU
		{FC424CBF-014C-4455-98A7-ED8FA529E842}.Debug|iPhoneSimulator.Build.0 = Debug|Any CPU
		{FC424CBF-014C-4455-98A7-ED8FA529E842}.Release|Any CPU.ActiveCfg = Release|Any CPU
		{FC424CBF-014C-4455-98A7-ED8FA529E842}.Release|Any CPU.Build.0 = Release|Any CPU
		{FC424CBF-014C-4455-98A7-ED8FA529E842}.Release|iPhone.ActiveCfg = Release|Any CPU
		{FC424CBF-014C-4455-98A7-ED8FA529E842}.Release|iPhone.Build.0 = Release|Any CPU
		{FC424CBF-014C-4455-98A7-ED8FA529E842}.Release|iPhoneSimulator.ActiveCfg = Release|Any CPU
		{FC424CBF-014C-4455-98A7-ED8FA529E842}.Release|iPhoneSimulator.Build.0 = Release|Any CPU
	EndGlobalSection
	GlobalSection(SolutionProperties) = preSolution
		HideSolutionNode = FALSE
	EndGlobalSection
	GlobalSection(ExtensibilityGlobals) = postSolution
		SolutionGuid = {0C0B3849-72B9-401F-B1FF-086AF6E45875}
	EndGlobalSection
EndGlobal
