
Microsoft Visual Studio Solution File, Format Version 12.00
# Visual Studio 15
VisualStudioVersion = 15.0.27130.2026
MinimumVisualStudioVersion = 10.0.40219.1
Project("{FAE04EC0-301F-11D3-BF4B-00C04F79EFBC}") = "xPlatAuction.Android", "xPlatAuction\xPlatAuction.Android\xPlatAuction.Android.csproj", "{D9712079-154B-4875-9B84-0926295C934A}"
EndProject
Project("{FAE04EC0-301F-11D3-BF4B-00C04F79EFBC}") = "xPlatAuction.iOS", "xPlatAuction\xPlatAuction.iOS\xPlatAuction.iOS.csproj", "{7F42EA12-B19F-46D8-BDD9-14655ACA1AF1}"
EndProject
Project("{FAE04EC0-301F-11D3-BF4B-00C04F79EFBC}") = "xPlatAuction.UWP", "xPlatAuction\xPlatAuction.UWP\xPlatAuction.UWP.csproj", "{3F2BFB01-04F5-49A9-B4F4-EF3E29D0EB07}"
EndProject
Project("{FAE04EC0-301F-11D3-BF4B-00C04F79EFBC}") = "xPlatAuction", "xPlatAuction\xPlatAuction\xPlatAuction.csproj", "{6CDCAA15-6C94-4343-9ECC-348EE58FA021}"
EndProject
Project("{FAE04EC0-301F-11D3-BF4B-00C04F79EFBC}") = "xPlatAuction.Backend", "xPlatAuction.Backend\xPlatAuction.Backend.csproj", "{8F22A15D-DB6B-4935-A409-A3C4FF33E113}"
EndProject
Global
	GlobalSection(SolutionConfigurationPlatforms) = preSolution
		Ad-Hoc|Any CPU = Ad-Hoc|Any CPU
		Ad-Hoc|ARM = Ad-Hoc|ARM
		Ad-Hoc|iPhone = Ad-Hoc|iPhone
		Ad-Hoc|iPhoneSimulator = Ad-Hoc|iPhoneSimulator
		Ad-Hoc|x64 = Ad-Hoc|x64
		Ad-Hoc|x86 = Ad-Hoc|x86
		AppStore|Any CPU = AppStore|Any CPU
		AppStore|ARM = AppStore|ARM
		AppStore|iPhone = AppStore|iPhone
		AppStore|iPhoneSimulator = AppStore|iPhoneSimulator
		AppStore|x64 = AppStore|x64
		AppStore|x86 = AppStore|x86
		Debug|Any CPU = Debug|Any CPU
		Debug|ARM = Debug|ARM
		Debug|iPhone = Debug|iPhone
		Debug|iPhoneSimulator = Debug|iPhoneSimulator
		Debug|x64 = Debug|x64
		Debug|x86 = Debug|x86
		Release|Any CPU = Release|Any CPU
		Release|ARM = Release|ARM
		Release|iPhone = Release|iPhone
		Release|iPhoneSimulator = Release|iPhoneSimulator
		Release|x64 = Release|x64
		Release|x86 = Release|x86
	EndGlobalSection
	GlobalSection(ProjectConfigurationPlatforms) = postSolution
		{D9712079-154B-4875-9B84-0926295C934A}.Ad-Hoc|Any CPU.ActiveCfg = Release|Any CPU
		{D9712079-154B-4875-9B84-0926295C934A}.Ad-Hoc|Any CPU.Build.0 = Release|Any CPU
		{D9712079-154B-4875-9B84-0926295C934A}.Ad-Hoc|Any CPU.Deploy.0 = Release|Any CPU
		{D9712079-154B-4875-9B84-0926295C934A}.Ad-Hoc|ARM.ActiveCfg = Release|Any CPU
		{D9712079-154B-4875-9B84-0926295C934A}.Ad-Hoc|ARM.Build.0 = Release|Any CPU
		{D9712079-154B-4875-9B84-0926295C934A}.Ad-Hoc|ARM.Deploy.0 = Release|Any CPU
		{D9712079-154B-4875-9B84-0926295C934A}.Ad-Hoc|iPhone.ActiveCfg = Release|Any CPU
		{D9712079-154B-4875-9B84-0926295C934A}.Ad-Hoc|iPhone.Build.0 = Release|Any CPU
		{D9712079-154B-4875-9B84-0926295C934A}.Ad-Hoc|iPhone.Deploy.0 = Release|Any CPU
		{D9712079-154B-4875-9B84-0926295C934A}.Ad-Hoc|iPhoneSimulator.ActiveCfg = Release|Any CPU
		{D9712079-154B-4875-9B84-0926295C934A}.Ad-Hoc|iPhoneSimulator.Build.0 = Release|Any CPU
		{D9712079-154B-4875-9B84-0926295C934A}.Ad-Hoc|iPhoneSimulator.Deploy.0 = Release|Any CPU
		{D9712079-154B-4875-9B84-0926295C934A}.Ad-Hoc|x64.ActiveCfg = Release|Any CPU
		{D9712079-154B-4875-9B84-0926295C934A}.Ad-Hoc|x64.Build.0 = Release|Any CPU
		{D9712079-154B-4875-9B84-0926295C934A}.Ad-Hoc|x64.Deploy.0 = Release|Any CPU
		{D9712079-154B-4875-9B84-0926295C934A}.Ad-Hoc|x86.ActiveCfg = Release|Any CPU
		{D9712079-154B-4875-9B84-0926295C934A}.Ad-Hoc|x86.Build.0 = Release|Any CPU
		{D9712079-154B-4875-9B84-0926295C934A}.Ad-Hoc|x86.Deploy.0 = Release|Any CPU
		{D9712079-154B-4875-9B84-0926295C934A}.AppStore|Any CPU.ActiveCfg = Release|Any CPU
		{D9712079-154B-4875-9B84-0926295C934A}.AppStore|Any CPU.Build.0 = Release|Any CPU
		{D9712079-154B-4875-9B84-0926295C934A}.AppStore|Any CPU.Deploy.0 = Release|Any CPU
		{D9712079-154B-4875-9B84-0926295C934A}.AppStore|ARM.ActiveCfg = Release|Any CPU
		{D9712079-154B-4875-9B84-0926295C934A}.AppStore|ARM.Build.0 = Release|Any CPU
		{D9712079-154B-4875-9B84-0926295C934A}.AppStore|ARM.Deploy.0 = Release|Any CPU
		{D9712079-154B-4875-9B84-0926295C934A}.AppStore|iPhone.ActiveCfg = Release|Any CPU
		{D9712079-154B-4875-9B84-0926295C934A}.AppStore|iPhone.Build.0 = Release|Any CPU
		{D9712079-154B-4875-9B84-0926295C934A}.AppStore|iPhone.Deploy.0 = Release|Any CPU
		{D9712079-154B-4875-9B84-0926295C934A}.AppStore|iPhoneSimulator.ActiveCfg = Release|Any CPU
		{D9712079-154B-4875-9B84-0926295C934A}.AppStore|iPhoneSimulator.Build.0 = Release|Any CPU
		{D9712079-154B-4875-9B84-0926295C934A}.AppStore|iPhoneSimulator.Deploy.0 = Release|Any CPU
		{D9712079-154B-4875-9B84-0926295C934A}.AppStore|x64.ActiveCfg = Release|Any CPU
		{D9712079-154B-4875-9B84-0926295C934A}.AppStore|x64.Build.0 = Release|Any CPU
		{D9712079-154B-4875-9B84-0926295C934A}.AppStore|x64.Deploy.0 = Release|Any CPU
		{D9712079-154B-4875-9B84-0926295C934A}.AppStore|x86.ActiveCfg = Release|Any CPU
		{D9712079-154B-4875-9B84-0926295C934A}.AppStore|x86.Build.0 = Release|Any CPU
		{D9712079-154B-4875-9B84-0926295C934A}.AppStore|x86.Deploy.0 = Release|Any CPU
		{D9712079-154B-4875-9B84-0926295C934A}.Debug|Any CPU.ActiveCfg = Debug|Any CPU
		{D9712079-154B-4875-9B84-0926295C934A}.Debug|Any CPU.Build.0 = Debug|Any CPU
		{D9712079-154B-4875-9B84-0926295C934A}.Debug|Any CPU.Deploy.0 = Debug|Any CPU
		{D9712079-154B-4875-9B84-0926295C934A}.Debug|ARM.ActiveCfg = Debug|Any CPU
		{D9712079-154B-4875-9B84-0926295C934A}.Debug|ARM.Build.0 = Debug|Any CPU
		{D9712079-154B-4875-9B84-0926295C934A}.Debug|ARM.Deploy.0 = Debug|Any CPU
		{D9712079-154B-4875-9B84-0926295C934A}.Debug|iPhone.ActiveCfg = Debug|Any CPU
		{D9712079-154B-4875-9B84-0926295C934A}.Debug|iPhone.Build.0 = Debug|Any CPU
		{D9712079-154B-4875-9B84-0926295C934A}.Debug|iPhone.Deploy.0 = Debug|Any CPU
		{D9712079-154B-4875-9B84-0926295C934A}.Debug|iPhoneSimulator.ActiveCfg = Debug|Any CPU
		{D9712079-154B-4875-9B84-0926295C934A}.Debug|iPhoneSimulator.Build.0 = Debug|Any CPU
		{D9712079-154B-4875-9B84-0926295C934A}.Debug|iPhoneSimulator.Deploy.0 = Debug|Any CPU
		{D9712079-154B-4875-9B84-0926295C934A}.Debug|x64.ActiveCfg = Debug|Any CPU
		{D9712079-154B-4875-9B84-0926295C934A}.Debug|x64.Build.0 = Debug|Any CPU
		{D9712079-154B-4875-9B84-0926295C934A}.Debug|x64.Deploy.0 = Debug|Any CPU
		{D9712079-154B-4875-9B84-0926295C934A}.Debug|x86.ActiveCfg = Debug|Any CPU
		{D9712079-154B-4875-9B84-0926295C934A}.Debug|x86.Build.0 = Debug|Any CPU
		{D9712079-154B-4875-9B84-0926295C934A}.Debug|x86.Deploy.0 = Debug|Any CPU
		{D9712079-154B-4875-9B84-0926295C934A}.Release|Any CPU.ActiveCfg = Release|Any CPU
		{D9712079-154B-4875-9B84-0926295C934A}.Release|Any CPU.Build.0 = Release|Any CPU
		{D9712079-154B-4875-9B84-0926295C934A}.Release|Any CPU.Deploy.0 = Release|Any CPU
		{D9712079-154B-4875-9B84-0926295C934A}.Release|ARM.ActiveCfg = Release|Any CPU
		{D9712079-154B-4875-9B84-0926295C934A}.Release|ARM.Build.0 = Release|Any CPU
		{D9712079-154B-4875-9B84-0926295C934A}.Release|ARM.Deploy.0 = Release|Any CPU
		{D9712079-154B-4875-9B84-0926295C934A}.Release|iPhone.ActiveCfg = Release|Any CPU
		{D9712079-154B-4875-9B84-0926295C934A}.Release|iPhone.Build.0 = Release|Any CPU
		{D9712079-154B-4875-9B84-0926295C934A}.Release|iPhone.Deploy.0 = Release|Any CPU
		{D9712079-154B-4875-9B84-0926295C934A}.Release|iPhoneSimulator.ActiveCfg = Release|Any CPU
		{D9712079-154B-4875-9B84-0926295C934A}.Release|iPhoneSimulator.Build.0 = Release|Any CPU
		{D9712079-154B-4875-9B84-0926295C934A}.Release|iPhoneSimulator.Deploy.0 = Release|Any CPU
		{D9712079-154B-4875-9B84-0926295C934A}.Release|x64.ActiveCfg = Release|Any CPU
		{D9712079-154B-4875-9B84-0926295C934A}.Release|x64.Build.0 = Release|Any CPU
		{D9712079-154B-4875-9B84-0926295C934A}.Release|x64.Deploy.0 = Release|Any CPU
		{D9712079-154B-4875-9B84-0926295C934A}.Release|x86.ActiveCfg = Release|Any CPU
		{D9712079-154B-4875-9B84-0926295C934A}.Release|x86.Build.0 = Release|Any CPU
		{D9712079-154B-4875-9B84-0926295C934A}.Release|x86.Deploy.0 = Release|Any CPU
		{7F42EA12-B19F-46D8-BDD9-14655ACA1AF1}.Ad-Hoc|Any CPU.ActiveCfg = Ad-Hoc|iPhone
		{7F42EA12-B19F-46D8-BDD9-14655ACA1AF1}.Ad-Hoc|ARM.ActiveCfg = Ad-Hoc|iPhone
		{7F42EA12-B19F-46D8-BDD9-14655ACA1AF1}.Ad-Hoc|iPhone.ActiveCfg = Ad-Hoc|iPhone
		{7F42EA12-B19F-46D8-BDD9-14655ACA1AF1}.Ad-Hoc|iPhone.Build.0 = Ad-Hoc|iPhone
		{7F42EA12-B19F-46D8-BDD9-14655ACA1AF1}.Ad-Hoc|iPhoneSimulator.ActiveCfg = Ad-Hoc|iPhoneSimulator
		{7F42EA12-B19F-46D8-BDD9-14655ACA1AF1}.Ad-Hoc|iPhoneSimulator.Build.0 = Ad-Hoc|iPhoneSimulator
		{7F42EA12-B19F-46D8-BDD9-14655ACA1AF1}.Ad-Hoc|x64.ActiveCfg = Ad-Hoc|iPhone
		{7F42EA12-B19F-46D8-BDD9-14655ACA1AF1}.Ad-Hoc|x86.ActiveCfg = Ad-Hoc|iPhone
		{7F42EA12-B19F-46D8-BDD9-14655ACA1AF1}.AppStore|Any CPU.ActiveCfg = AppStore|iPhone
		{7F42EA12-B19F-46D8-BDD9-14655ACA1AF1}.AppStore|ARM.ActiveCfg = AppStore|iPhone
		{7F42EA12-B19F-46D8-BDD9-14655ACA1AF1}.AppStore|iPhone.ActiveCfg = AppStore|iPhone
		{7F42EA12-B19F-46D8-BDD9-14655ACA1AF1}.AppStore|iPhone.Build.0 = AppStore|iPhone
		{7F42EA12-B19F-46D8-BDD9-14655ACA1AF1}.AppStore|iPhoneSimulator.ActiveCfg = AppStore|iPhoneSimulator
		{7F42EA12-B19F-46D8-BDD9-14655ACA1AF1}.AppStore|iPhoneSimulator.Build.0 = AppStore|iPhoneSimulator
		{7F42EA12-B19F-46D8-BDD9-14655ACA1AF1}.AppStore|x64.ActiveCfg = AppStore|iPhone
		{7F42EA12-B19F-46D8-BDD9-14655ACA1AF1}.AppStore|x86.ActiveCfg = AppStore|iPhone
		{7F42EA12-B19F-46D8-BDD9-14655ACA1AF1}.Debug|Any CPU.ActiveCfg = Debug|iPhone
		{7F42EA12-B19F-46D8-BDD9-14655ACA1AF1}.Debug|ARM.ActiveCfg = Debug|iPhone
		{7F42EA12-B19F-46D8-BDD9-14655ACA1AF1}.Debug|iPhone.ActiveCfg = Debug|iPhone
		{7F42EA12-B19F-46D8-BDD9-14655ACA1AF1}.Debug|iPhone.Build.0 = Debug|iPhone
		{7F42EA12-B19F-46D8-BDD9-14655ACA1AF1}.Debug|iPhoneSimulator.ActiveCfg = Debug|iPhoneSimulator
		{7F42EA12-B19F-46D8-BDD9-14655ACA1AF1}.Debug|iPhoneSimulator.Build.0 = Debug|iPhoneSimulator
		{7F42EA12-B19F-46D8-BDD9-14655ACA1AF1}.Debug|x64.ActiveCfg = Debug|iPhone
		{7F42EA12-B19F-46D8-BDD9-14655ACA1AF1}.Debug|x86.ActiveCfg = Debug|iPhone
		{7F42EA12-B19F-46D8-BDD9-14655ACA1AF1}.Release|Any CPU.ActiveCfg = Release|iPhone
		{7F42EA12-B19F-46D8-BDD9-14655ACA1AF1}.Release|ARM.ActiveCfg = Release|iPhone
		{7F42EA12-B19F-46D8-BDD9-14655ACA1AF1}.Release|iPhone.ActiveCfg = Release|iPhone
		{7F42EA12-B19F-46D8-BDD9-14655ACA1AF1}.Release|iPhone.Build.0 = Release|iPhone
		{7F42EA12-B19F-46D8-BDD9-14655ACA1AF1}.Release|iPhoneSimulator.ActiveCfg = Release|iPhoneSimulator
		{7F42EA12-B19F-46D8-BDD9-14655ACA1AF1}.Release|iPhoneSimulator.Build.0 = Release|iPhoneSimulator
		{7F42EA12-B19F-46D8-BDD9-14655ACA1AF1}.Release|x64.ActiveCfg = Release|iPhone
		{7F42EA12-B19F-46D8-BDD9-14655ACA1AF1}.Release|x86.ActiveCfg = Release|iPhone
		{3F2BFB01-04F5-49A9-B4F4-EF3E29D0EB07}.Ad-Hoc|Any CPU.ActiveCfg = Release|x86
		{3F2BFB01-04F5-49A9-B4F4-EF3E29D0EB07}.Ad-Hoc|Any CPU.Build.0 = Release|x86
		{3F2BFB01-04F5-49A9-B4F4-EF3E29D0EB07}.Ad-Hoc|Any CPU.Deploy.0 = Release|x86
		{3F2BFB01-04F5-49A9-B4F4-EF3E29D0EB07}.Ad-Hoc|ARM.ActiveCfg = Release|ARM
		{3F2BFB01-04F5-49A9-B4F4-EF3E29D0EB07}.Ad-Hoc|ARM.Build.0 = Release|ARM
		{3F2BFB01-04F5-49A9-B4F4-EF3E29D0EB07}.Ad-Hoc|ARM.Deploy.0 = Release|ARM
		{3F2BFB01-04F5-49A9-B4F4-EF3E29D0EB07}.Ad-Hoc|iPhone.ActiveCfg = Release|x86
		{3F2BFB01-04F5-49A9-B4F4-EF3E29D0EB07}.Ad-Hoc|iPhone.Build.0 = Release|x86
		{3F2BFB01-04F5-49A9-B4F4-EF3E29D0EB07}.Ad-Hoc|iPhone.Deploy.0 = Release|x86
		{3F2BFB01-04F5-49A9-B4F4-EF3E29D0EB07}.Ad-Hoc|iPhoneSimulator.ActiveCfg = Release|x86
		{3F2BFB01-04F5-49A9-B4F4-EF3E29D0EB07}.Ad-Hoc|iPhoneSimulator.Build.0 = Release|x86
		{3F2BFB01-04F5-49A9-B4F4-EF3E29D0EB07}.Ad-Hoc|iPhoneSimulator.Deploy.0 = Release|x86
		{3F2BFB01-04F5-49A9-B4F4-EF3E29D0EB07}.Ad-Hoc|x64.ActiveCfg = Release|x64
		{3F2BFB01-04F5-49A9-B4F4-EF3E29D0EB07}.Ad-Hoc|x64.Build.0 = Release|x64
		{3F2BFB01-04F5-49A9-B4F4-EF3E29D0EB07}.Ad-Hoc|x64.Deploy.0 = Release|x64
		{3F2BFB01-04F5-49A9-B4F4-EF3E29D0EB07}.Ad-Hoc|x86.ActiveCfg = Release|x86
		{3F2BFB01-04F5-49A9-B4F4-EF3E29D0EB07}.Ad-Hoc|x86.Build.0 = Release|x86
		{3F2BFB01-04F5-49A9-B4F4-EF3E29D0EB07}.Ad-Hoc|x86.Deploy.0 = Release|x86
		{3F2BFB01-04F5-49A9-B4F4-EF3E29D0EB07}.AppStore|Any CPU.ActiveCfg = Release|x86
		{3F2BFB01-04F5-49A9-B4F4-EF3E29D0EB07}.AppStore|Any CPU.Build.0 = Release|x86
		{3F2BFB01-04F5-49A9-B4F4-EF3E29D0EB07}.AppStore|Any CPU.Deploy.0 = Release|x86
		{3F2BFB01-04F5-49A9-B4F4-EF3E29D0EB07}.AppStore|ARM.ActiveCfg = Release|ARM
		{3F2BFB01-04F5-49A9-B4F4-EF3E29D0EB07}.AppStore|ARM.Build.0 = Release|ARM
		{3F2BFB01-04F5-49A9-B4F4-EF3E29D0EB07}.AppStore|ARM.Deploy.0 = Release|ARM
		{3F2BFB01-04F5-49A9-B4F4-EF3E29D0EB07}.AppStore|iPhone.ActiveCfg = Release|x86
		{3F2BFB01-04F5-49A9-B4F4-EF3E29D0EB07}.AppStore|iPhone.Build.0 = Release|x86
		{3F2BFB01-04F5-49A9-B4F4-EF3E29D0EB07}.AppStore|iPhone.Deploy.0 = Release|x86
		{3F2BFB01-04F5-49A9-B4F4-EF3E29D0EB07}.AppStore|iPhoneSimulator.ActiveCfg = Release|x86
		{3F2BFB01-04F5-49A9-B4F4-EF3E29D0EB07}.AppStore|iPhoneSimulator.Build.0 = Release|x86
		{3F2BFB01-04F5-49A9-B4F4-EF3E29D0EB07}.AppStore|iPhoneSimulator.Deploy.0 = Release|x86
		{3F2BFB01-04F5-49A9-B4F4-EF3E29D0EB07}.AppStore|x64.ActiveCfg = Release|x64
		{3F2BFB01-04F5-49A9-B4F4-EF3E29D0EB07}.AppStore|x64.Build.0 = Release|x64
		{3F2BFB01-04F5-49A9-B4F4-EF3E29D0EB07}.AppStore|x64.Deploy.0 = Release|x64
		{3F2BFB01-04F5-49A9-B4F4-EF3E29D0EB07}.AppStore|x86.ActiveCfg = Release|x86
		{3F2BFB01-04F5-49A9-B4F4-EF3E29D0EB07}.AppStore|x86.Build.0 = Release|x86
		{3F2BFB01-04F5-49A9-B4F4-EF3E29D0EB07}.AppStore|x86.Deploy.0 = Release|x86
		{3F2BFB01-04F5-49A9-B4F4-EF3E29D0EB07}.Debug|Any CPU.ActiveCfg = Debug|x86
		{3F2BFB01-04F5-49A9-B4F4-EF3E29D0EB07}.Debug|ARM.ActiveCfg = Debug|ARM
		{3F2BFB01-04F5-49A9-B4F4-EF3E29D0EB07}.Debug|ARM.Build.0 = Debug|ARM
		{3F2BFB01-04F5-49A9-B4F4-EF3E29D0EB07}.Debug|ARM.Deploy.0 = Debug|ARM
		{3F2BFB01-04F5-49A9-B4F4-EF3E29D0EB07}.Debug|iPhone.ActiveCfg = Debug|x86
		{3F2BFB01-04F5-49A9-B4F4-EF3E29D0EB07}.Debug|iPhoneSimulator.ActiveCfg = Debug|x86
		{3F2BFB01-04F5-49A9-B4F4-EF3E29D0EB07}.Debug|x64.ActiveCfg = Debug|x64
		{3F2BFB01-04F5-49A9-B4F4-EF3E29D0EB07}.Debug|x64.Build.0 = Debug|x64
		{3F2BFB01-04F5-49A9-B4F4-EF3E29D0EB07}.Debug|x64.Deploy.0 = Debug|x64
		{3F2BFB01-04F5-49A9-B4F4-EF3E29D0EB07}.Debug|x86.ActiveCfg = Debug|x86
		{3F2BFB01-04F5-49A9-B4F4-EF3E29D0EB07}.Debug|x86.Build.0 = Debug|x86
		{3F2BFB01-04F5-49A9-B4F4-EF3E29D0EB07}.Debug|x86.Deploy.0 = Debug|x86
		{3F2BFB01-04F5-49A9-B4F4-EF3E29D0EB07}.Release|Any CPU.ActiveCfg = Release|x86
		{3F2BFB01-04F5-49A9-B4F4-EF3E29D0EB07}.Release|ARM.ActiveCfg = Release|ARM
		{3F2BFB01-04F5-49A9-B4F4-EF3E29D0EB07}.Release|ARM.Build.0 = Release|ARM
		{3F2BFB01-04F5-49A9-B4F4-EF3E29D0EB07}.Release|ARM.Deploy.0 = Release|ARM
		{3F2BFB01-04F5-49A9-B4F4-EF3E29D0EB07}.Release|iPhone.ActiveCfg = Release|x86
		{3F2BFB01-04F5-49A9-B4F4-EF3E29D0EB07}.Release|iPhoneSimulator.ActiveCfg = Release|x86
		{3F2BFB01-04F5-49A9-B4F4-EF3E29D0EB07}.Release|x64.ActiveCfg = Release|x64
		{3F2BFB01-04F5-49A9-B4F4-EF3E29D0EB07}.Release|x64.Build.0 = Release|x64
		{3F2BFB01-04F5-49A9-B4F4-EF3E29D0EB07}.Release|x64.Deploy.0 = Release|x64
		{3F2BFB01-04F5-49A9-B4F4-EF3E29D0EB07}.Release|x86.ActiveCfg = Release|x86
		{3F2BFB01-04F5-49A9-B4F4-EF3E29D0EB07}.Release|x86.Build.0 = Release|x86
		{3F2BFB01-04F5-49A9-B4F4-EF3E29D0EB07}.Release|x86.Deploy.0 = Release|x86
		{6CDCAA15-6C94-4343-9ECC-348EE58FA021}.Ad-Hoc|Any CPU.ActiveCfg = Debug|Any CPU
		{6CDCAA15-6C94-4343-9ECC-348EE58FA021}.Ad-Hoc|Any CPU.Build.0 = Debug|Any CPU
		{6CDCAA15-6C94-4343-9ECC-348EE58FA021}.Ad-Hoc|ARM.ActiveCfg = Debug|Any CPU
		{6CDCAA15-6C94-4343-9ECC-348EE58FA021}.Ad-Hoc|ARM.Build.0 = Debug|Any CPU
		{6CDCAA15-6C94-4343-9ECC-348EE58FA021}.Ad-Hoc|iPhone.ActiveCfg = Debug|Any CPU
		{6CDCAA15-6C94-4343-9ECC-348EE58FA021}.Ad-Hoc|iPhone.Build.0 = Debug|Any CPU
		{6CDCAA15-6C94-4343-9ECC-348EE58FA021}.Ad-Hoc|iPhoneSimulator.ActiveCfg = Debug|Any CPU
		{6CDCAA15-6C94-4343-9ECC-348EE58FA021}.Ad-Hoc|iPhoneSimulator.Build.0 = Debug|Any CPU
		{6CDCAA15-6C94-4343-9ECC-348EE58FA021}.Ad-Hoc|x64.ActiveCfg = Debug|Any CPU
		{6CDCAA15-6C94-4343-9ECC-348EE58FA021}.Ad-Hoc|x64.Build.0 = Debug|Any CPU
		{6CDCAA15-6C94-4343-9ECC-348EE58FA021}.Ad-Hoc|x86.ActiveCfg = Debug|Any CPU
		{6CDCAA15-6C94-4343-9ECC-348EE58FA021}.Ad-Hoc|x86.Build.0 = Debug|Any CPU
		{6CDCAA15-6C94-4343-9ECC-348EE58FA021}.AppStore|Any CPU.ActiveCfg = Debug|Any CPU
		{6CDCAA15-6C94-4343-9ECC-348EE58FA021}.AppStore|Any CPU.Build.0 = Debug|Any CPU
		{6CDCAA15-6C94-4343-9ECC-348EE58FA021}.AppStore|ARM.ActiveCfg = Debug|Any CPU
		{6CDCAA15-6C94-4343-9ECC-348EE58FA021}.AppStore|ARM.Build.0 = Debug|Any CPU
		{6CDCAA15-6C94-4343-9ECC-348EE58FA021}.AppStore|iPhone.ActiveCfg = Debug|Any CPU
		{6CDCAA15-6C94-4343-9ECC-348EE58FA021}.AppStore|iPhone.Build.0 = Debug|Any CPU
		{6CDCAA15-6C94-4343-9ECC-348EE58FA021}.AppStore|iPhoneSimulator.ActiveCfg = Debug|Any CPU
		{6CDCAA15-6C94-4343-9ECC-348EE58FA021}.AppStore|iPhoneSimulator.Build.0 = Debug|Any CPU
		{6CDCAA15-6C94-4343-9ECC-348EE58FA021}.AppStore|x64.ActiveCfg = Debug|Any CPU
		{6CDCAA15-6C94-4343-9ECC-348EE58FA021}.AppStore|x64.Build.0 = Debug|Any CPU
		{6CDCAA15-6C94-4343-9ECC-348EE58FA021}.AppStore|x86.ActiveCfg = Debug|Any CPU
		{6CDCAA15-6C94-4343-9ECC-348EE58FA021}.AppStore|x86.Build.0 = Debug|Any CPU
		{6CDCAA15-6C94-4343-9ECC-348EE58FA021}.Debug|Any CPU.ActiveCfg = Debug|Any CPU
		{6CDCAA15-6C94-4343-9ECC-348EE58FA021}.Debug|Any CPU.Build.0 = Debug|Any CPU
		{6CDCAA15-6C94-4343-9ECC-348EE58FA021}.Debug|ARM.ActiveCfg = Debug|Any CPU
		{6CDCAA15-6C94-4343-9ECC-348EE58FA021}.Debug|ARM.Build.0 = Debug|Any CPU
		{6CDCAA15-6C94-4343-9ECC-348EE58FA021}.Debug|iPhone.ActiveCfg = Debug|Any CPU
		{6CDCAA15-6C94-4343-9ECC-348EE58FA021}.Debug|iPhone.Build.0 = Debug|Any CPU
		{6CDCAA15-6C94-4343-9ECC-348EE58FA021}.Debug|iPhoneSimulator.ActiveCfg = Debug|Any CPU
		{6CDCAA15-6C94-4343-9ECC-348EE58FA021}.Debug|iPhoneSimulator.Build.0 = Debug|Any CPU
		{6CDCAA15-6C94-4343-9ECC-348EE58FA021}.Debug|x64.ActiveCfg = Debug|Any CPU
		{6CDCAA15-6C94-4343-9ECC-348EE58FA021}.Debug|x64.Build.0 = Debug|Any CPU
		{6CDCAA15-6C94-4343-9ECC-348EE58FA021}.Debug|x86.ActiveCfg = Debug|Any CPU
		{6CDCAA15-6C94-4343-9ECC-348EE58FA021}.Debug|x86.Build.0 = Debug|Any CPU
		{6CDCAA15-6C94-4343-9ECC-348EE58FA021}.Release|Any CPU.ActiveCfg = Release|Any CPU
		{6CDCAA15-6C94-4343-9ECC-348EE58FA021}.Release|Any CPU.Build.0 = Release|Any CPU
		{6CDCAA15-6C94-4343-9ECC-348EE58FA021}.Release|ARM.ActiveCfg = Release|Any CPU
		{6CDCAA15-6C94-4343-9ECC-348EE58FA021}.Release|ARM.Build.0 = Release|Any CPU
		{6CDCAA15-6C94-4343-9ECC-348EE58FA021}.Release|iPhone.ActiveCfg = Release|Any CPU
		{6CDCAA15-6C94-4343-9ECC-348EE58FA021}.Release|iPhone.Build.0 = Release|Any CPU
		{6CDCAA15-6C94-4343-9ECC-348EE58FA021}.Release|iPhoneSimulator.ActiveCfg = Release|Any CPU
		{6CDCAA15-6C94-4343-9ECC-348EE58FA021}.Release|iPhoneSimulator.Build.0 = Release|Any CPU
		{6CDCAA15-6C94-4343-9ECC-348EE58FA021}.Release|x64.ActiveCfg = Release|Any CPU
		{6CDCAA15-6C94-4343-9ECC-348EE58FA021}.Release|x64.Build.0 = Release|Any CPU
		{6CDCAA15-6C94-4343-9ECC-348EE58FA021}.Release|x86.ActiveCfg = Release|Any CPU
		{6CDCAA15-6C94-4343-9ECC-348EE58FA021}.Release|x86.Build.0 = Release|Any CPU
		{8F22A15D-DB6B-4935-A409-A3C4FF33E113}.Ad-Hoc|Any CPU.ActiveCfg = Release|Any CPU
		{8F22A15D-DB6B-4935-A409-A3C4FF33E113}.Ad-Hoc|Any CPU.Build.0 = Release|Any CPU
		{8F22A15D-DB6B-4935-A409-A3C4FF33E113}.Ad-Hoc|ARM.ActiveCfg = Release|Any CPU
		{8F22A15D-DB6B-4935-A409-A3C4FF33E113}.Ad-Hoc|ARM.Build.0 = Release|Any CPU
		{8F22A15D-DB6B-4935-A409-A3C4FF33E113}.Ad-Hoc|iPhone.ActiveCfg = Release|Any CPU
		{8F22A15D-DB6B-4935-A409-A3C4FF33E113}.Ad-Hoc|iPhone.Build.0 = Release|Any CPU
		{8F22A15D-DB6B-4935-A409-A3C4FF33E113}.Ad-Hoc|iPhoneSimulator.ActiveCfg = Release|Any CPU
		{8F22A15D-DB6B-4935-A409-A3C4FF33E113}.Ad-Hoc|iPhoneSimulator.Build.0 = Release|Any CPU
		{8F22A15D-DB6B-4935-A409-A3C4FF33E113}.Ad-Hoc|x64.ActiveCfg = Release|Any CPU
		{8F22A15D-DB6B-4935-A409-A3C4FF33E113}.Ad-Hoc|x64.Build.0 = Release|Any CPU
		{8F22A15D-DB6B-4935-A409-A3C4FF33E113}.Ad-Hoc|x86.ActiveCfg = Release|Any CPU
		{8F22A15D-DB6B-4935-A409-A3C4FF33E113}.Ad-Hoc|x86.Build.0 = Release|Any CPU
		{8F22A15D-DB6B-4935-A409-A3C4FF33E113}.AppStore|Any CPU.ActiveCfg = Release|Any CPU
		{8F22A15D-DB6B-4935-A409-A3C4FF33E113}.AppStore|Any CPU.Build.0 = Release|Any CPU
		{8F22A15D-DB6B-4935-A409-A3C4FF33E113}.AppStore|ARM.ActiveCfg = Release|Any CPU
		{8F22A15D-DB6B-4935-A409-A3C4FF33E113}.AppStore|ARM.Build.0 = Release|Any CPU
		{8F22A15D-DB6B-4935-A409-A3C4FF33E113}.AppStore|iPhone.ActiveCfg = Release|Any CPU
		{8F22A15D-DB6B-4935-A409-A3C4FF33E113}.AppStore|iPhone.Build.0 = Release|Any CPU
		{8F22A15D-DB6B-4935-A409-A3C4FF33E113}.AppStore|iPhoneSimulator.ActiveCfg = Release|Any CPU
		{8F22A15D-DB6B-4935-A409-A3C4FF33E113}.AppStore|iPhoneSimulator.Build.0 = Release|Any CPU
		{8F22A15D-DB6B-4935-A409-A3C4FF33E113}.AppStore|x64.ActiveCfg = Release|Any CPU
		{8F22A15D-DB6B-4935-A409-A3C4FF33E113}.AppStore|x64.Build.0 = Release|Any CPU
		{8F22A15D-DB6B-4935-A409-A3C4FF33E113}.AppStore|x86.ActiveCfg = Release|Any CPU
		{8F22A15D-DB6B-4935-A409-A3C4FF33E113}.AppStore|x86.Build.0 = Release|Any CPU
		{8F22A15D-DB6B-4935-A409-A3C4FF33E113}.Debug|Any CPU.ActiveCfg = Debug|Any CPU
		{8F22A15D-DB6B-4935-A409-A3C4FF33E113}.Debug|Any CPU.Build.0 = Debug|Any CPU
		{8F22A15D-DB6B-4935-A409-A3C4FF33E113}.Debug|ARM.ActiveCfg = Debug|Any CPU
		{8F22A15D-DB6B-4935-A409-A3C4FF33E113}.Debug|ARM.Build.0 = Debug|Any CPU
		{8F22A15D-DB6B-4935-A409-A3C4FF33E113}.Debug|iPhone.ActiveCfg = Debug|Any CPU
		{8F22A15D-DB6B-4935-A409-A3C4FF33E113}.Debug|iPhone.Build.0 = Debug|Any CPU
		{8F22A15D-DB6B-4935-A409-A3C4FF33E113}.Debug|iPhoneSimulator.ActiveCfg = Debug|Any CPU
		{8F22A15D-DB6B-4935-A409-A3C4FF33E113}.Debug|iPhoneSimulator.Build.0 = Debug|Any CPU
		{8F22A15D-DB6B-4935-A409-A3C4FF33E113}.Debug|x64.ActiveCfg = Debug|Any CPU
		{8F22A15D-DB6B-4935-A409-A3C4FF33E113}.Debug|x64.Build.0 = Debug|Any CPU
		{8F22A15D-DB6B-4935-A409-A3C4FF33E113}.Debug|x86.ActiveCfg = Debug|Any CPU
		{8F22A15D-DB6B-4935-A409-A3C4FF33E113}.Debug|x86.Build.0 = Debug|Any CPU
		{8F22A15D-DB6B-4935-A409-A3C4FF33E113}.Release|Any CPU.ActiveCfg = Release|Any CPU
		{8F22A15D-DB6B-4935-A409-A3C4FF33E113}.Release|Any CPU.Build.0 = Release|Any CPU
		{8F22A15D-DB6B-4935-A409-A3C4FF33E113}.Release|ARM.ActiveCfg = Release|Any CPU
		{8F22A15D-DB6B-4935-A409-A3C4FF33E113}.Release|ARM.Build.0 = Release|Any CPU
		{8F22A15D-DB6B-4935-A409-A3C4FF33E113}.Release|iPhone.ActiveCfg = Release|Any CPU
		{8F22A15D-DB6B-4935-A409-A3C4FF33E113}.Release|iPhone.Build.0 = Release|Any CPU
		{8F22A15D-DB6B-4935-A409-A3C4FF33E113}.Release|iPhoneSimulator.ActiveCfg = Release|Any CPU
		{8F22A15D-DB6B-4935-A409-A3C4FF33E113}.Release|iPhoneSimulator.Build.0 = Release|Any CPU
		{8F22A15D-DB6B-4935-A409-A3C4FF33E113}.Release|x64.ActiveCfg = Release|Any CPU
		{8F22A15D-DB6B-4935-A409-A3C4FF33E113}.Release|x64.Build.0 = Release|Any CPU
		{8F22A15D-DB6B-4935-A409-A3C4FF33E113}.Release|x86.ActiveCfg = Release|Any CPU
		{8F22A15D-DB6B-4935-A409-A3C4FF33E113}.Release|x86.Build.0 = Release|Any CPU
	EndGlobalSection
	GlobalSection(SolutionProperties) = preSolution
		HideSolutionNode = FALSE
	EndGlobalSection
	GlobalSection(ExtensibilityGlobals) = postSolution
		SolutionGuid = {49FAAB97-99E0-4FC3-B9E1-A5D89B2070F1}
	EndGlobalSection
EndGlobal
